
Microsoft Visual Studio Solution File, Format Version 12.00
# Visual Studio Version 17
VisualStudioVersion = 17.6.33712.159
MinimumVisualStudioVersion = 10.0.40219.1
Project("{FAE04EC0-301F-11D3-BF4B-00C04F79EFBC}") = "Arrays VECTOR", "Arrays VECTOR\Arrays VECTOR.csproj", "{ABBA0656-5BE5-4179-95FA-B981DAD2D687}"
EndProject
Global
	GlobalSection(SolutionConfigurationPlatforms) = preSolution
		Debug|Any CPU = Debug|Any CPU
		Release|Any CPU = Release|Any CPU
	EndGlobalSection
	GlobalSection(ProjectConfigurationPlatforms) = postSolution
		{ABBA0656-5BE5-4179-95FA-B981DAD2D687}.Debug|Any CPU.ActiveCfg = Debug|Any CPU
		{ABBA0656-5BE5-4179-95FA-B981DAD2D687}.Debug|Any CPU.Build.0 = Debug|Any CPU
		{ABBA0656-5BE5-4179-95FA-B981DAD2D687}.Release|Any CPU.ActiveCfg = Release|Any CPU
		{ABBA0656-5BE5-4179-95FA-B981DAD2D687}.Release|Any CPU.Build.0 = Release|Any CPU
	EndGlobalSection
	GlobalSection(SolutionProperties) = preSolution
		HideSolutionNode = FALSE
	EndGlobalSection
	GlobalSection(ExtensibilityGlobals) = postSolution
		SolutionGuid = {E7ECA1DA-A4F1-48BF-8594-B7F14195CE92}
	EndGlobalSection
EndGlobal
